
Microsoft Visual Studio Solution File, Format Version 12.00
# Visual Studio 15
VisualStudioVersion = 15.0.28307.779
MinimumVisualStudioVersion = 10.0.40219.1
Project("{E24C65DC-7377-472B-9ABA-BC803B73C61A}") = "Project_jituan_48(1)", ".", "{29DD30D8-EFCF-42E8-BB03-4AD76FBBB857}"
	ProjectSection(WebsiteProperties) = preProject
		TargetFrameworkMoniker = ".NETFramework,Version%3Dv4.0"
		Debug.AspNetCompiler.VirtualPath = "/localhost_56774"
		Debug.AspNetCompiler.PhysicalPath = "D:\01Project\龙矿集团html\02大屏\Project_jituan_48\"
		Debug.AspNetCompiler.TargetPath = "PrecompiledWeb\localhost_56774\"
		Debug.AspNetCompiler.Updateable = "true"
		Debug.AspNetCompiler.ForceOverwrite = "true"
		Debug.AspNetCompiler.FixedNames = "false"
		Debug.AspNetCompiler.Debug = "True"
		Release.AspNetCompiler.VirtualPath = "/localhost_56774"
		Release.AspNetCompiler.PhysicalPath = "D:\01Project\龙矿集团html\02大屏\Project_jituan_48\"
		Release.AspNetCompiler.TargetPath = "PrecompiledWeb\localhost_56774\"
		Release.AspNetCompiler.Updateable = "true"
		Release.AspNetCompiler.ForceOverwrite = "true"
		Release.AspNetCompiler.FixedNames = "false"
		Release.AspNetCompiler.Debug = "False"
		VWDPort = "56774"
	EndProjectSection
EndProject
Global
	GlobalSection(SolutionConfigurationPlatforms) = preSolution
		Debug|Any CPU = Debug|Any CPU
	EndGlobalSection
	GlobalSection(ProjectConfigurationPlatforms) = postSolution
		{29DD30D8-EFCF-42E8-BB03-4AD76FBBB857}.Debug|Any CPU.ActiveCfg = Debug|Any CPU
		{29DD30D8-EFCF-42E8-BB03-4AD76FBBB857}.Debug|Any CPU.Build.0 = Debug|Any CPU
	EndGlobalSection
	GlobalSection(SolutionProperties) = preSolution
		HideSolutionNode = FALSE
	EndGlobalSection
	GlobalSection(ExtensibilityGlobals) = postSolution
		SolutionGuid = {3C00E733-0B53-42DD-A07D-E50D02A00355}
	EndGlobalSection
EndGlobal
